
Microsoft Visual Studio Solution File, Format Version 12.00
Project("{F2A71F9B-5D33-465A-A702-920D77279786}") = "TicTacToe", "TicTacToe\TicTacToe.fsproj", "{8366A64A-B7CF-47D6-A1EA-52DACC9A01D9}"
EndProject
Global
	GlobalSection(SolutionConfigurationPlatforms) = preSolution
		Debug|Any CPU = Debug|Any CPU
		Release|Any CPU = Release|Any CPU
	EndGlobalSection
	GlobalSection(ProjectConfigurationPlatforms) = postSolution
		{8366A64A-B7CF-47D6-A1EA-52DACC9A01D9}.Debug|Any CPU.ActiveCfg = Debug|Any CPU
		{8366A64A-B7CF-47D6-A1EA-52DACC9A01D9}.Debug|Any CPU.Build.0 = Debug|Any CPU
		{8366A64A-B7CF-47D6-A1EA-52DACC9A01D9}.Release|Any CPU.ActiveCfg = Release|Any CPU
		{8366A64A-B7CF-47D6-A1EA-52DACC9A01D9}.Release|Any CPU.Build.0 = Release|Any CPU
	EndGlobalSection
EndGlobal
